
Microsoft Visual Studio Solution File, Format Version 12.00
Project("{FAE04EC0-301F-11D3-BF4B-00C04F79EFBC}") = "tic-tak-toe", "tic-tak-toe\tic-tak-toe.csproj", "{10B56827-824B-4D34-BA6B-929700A10368}"
EndProject
Global
	GlobalSection(SolutionConfigurationPlatforms) = preSolution
		Debug|Any CPU = Debug|Any CPU
		Release|Any CPU = Release|Any CPU
	EndGlobalSection
	GlobalSection(ProjectConfigurationPlatforms) = postSolution
		{10B56827-824B-4D34-BA6B-929700A10368}.Debug|Any CPU.ActiveCfg = Debug|Any CPU
		{10B56827-824B-4D34-BA6B-929700A10368}.Debug|Any CPU.Build.0 = Debug|Any CPU
		{10B56827-824B-4D34-BA6B-929700A10368}.Release|Any CPU.ActiveCfg = Release|Any CPU
		{10B56827-824B-4D34-BA6B-929700A10368}.Release|Any CPU.Build.0 = Release|Any CPU
	EndGlobalSection
EndGlobal
